PODS:
  - Alamofire (4.9.1)
  - Parchment (2.3.0)
  - ReachabilitySwift (4.0-beta1)

DEPENDENCIES:
  - Alamofire (~> 4.7)
  - Parchment
  - ReachabilitySwift (from `https://github.com/ashleymills/Reachability.swift`, branch `develop`)

SPEC REPOS:
  trunk:
    - Alamofire
    - Parchment

EXTERNAL SOURCES:
  ReachabilitySwift:
    :branch: develop
    :git: https://github.com/ashleymills/Reachability.swift

CHECKOUT OPTIONS:
  ReachabilitySwift:
    :commit: 6451cd109ef2e88a0763387de44668e17cb1b49e
    :git: https://github.com/ashleymills/Reachability.swift

SPEC CHECKSUMS:
  Alamofire: 85e8a02c69d6020a0d734f6054870d7ecb75cf18
  Parchment: 72a7eb8072454a9500a53dd84776e04fba24e740
  ReachabilitySwift: fa4416f5356466392a733d21b41873ebe052bf40

PODFILE CHECKSUM: 1979b9a171b292d2b3e2c3f83728bed3a919d162

COCOAPODS: 1.8.4
