// !$*UTF8*$!
{
	archiveVersion = 1;
	classes = {
	};
	objectVersion = 51;
	objects = {

/* Begin PBXBuildFile section */
		3E145200657D41B50756C677 /* Pods_HamraheManTest.framework in Frameworks */ = {isa = PBXBuildFile; fileRef = 7694647AF51B1BC1699BF689 /* Pods_HamraheManTest.framework */; };
		3F4E772D7F5D601DDDAB253B /* Pods_HamraheManTestTests.framework in Frameworks */ = {isa = PBXBuildFile; fileRef = 263F7CB920A45414ECC319E1 /* Pods_HamraheManTestTests.framework */; };
		47F118167D8DE1776A672A3C /* Pods_HamraheManTest_HamraheManTestUITests.framework in Frameworks */ = {isa = PBXBuildFile; fileRef = DCA8F4C869C8FE96EE8EEA66 /* Pods_HamraheManTest_HamraheManTestUITests.framework */; };
		932CF220245AA6DF00B8A38F /* JArrayResponse.swift in Sources */ = {isa = PBXBuildFile; fileRef = 932CF21F245AA6DF00B8A38F /* JArrayResponse.swift */; };
		932CF223245AAD1100B8A38F /* EncodableExtension.swift in Sources */ = {isa = PBXBuildFile; fileRef = 932CF222245AAD1100B8A38F /* EncodableExtension.swift */; };
		932CF225245AB45900B8A38F /* JInfo.swift in Sources */ = {isa = PBXBuildFile; fileRef = 932CF224245AB45900B8A38F /* JInfo.swift */; };
		932CF22B245AB7CA00B8A38F /* HamrahTestColors.swift in Sources */ = {isa = PBXBuildFile; fileRef = 932CF22A245AB7CA00B8A38F /* HamrahTestColors.swift */; };
		932CF22E245AB8FD00B8A38F /* CharacterMainVC.swift in Sources */ = {isa = PBXBuildFile; fileRef = 932CF22D245AB8FD00B8A38F /* CharacterMainVC.swift */; };
		932CF231245B145800B8A38F /* CharactersVC.swift in Sources */ = {isa = PBXBuildFile; fileRef = 932CF230245B145800B8A38F /* CharactersVC.swift */; };
		932CF233245B147300B8A38F /* CharactersVM.swift in Sources */ = {isa = PBXBuildFile; fileRef = 932CF232245B147300B8A38F /* CharactersVM.swift */; };
		932CF238245B164F00B8A38F /* FavoritesVC.swift in Sources */ = {isa = PBXBuildFile; fileRef = 932CF237245B164F00B8A38F /* FavoritesVC.swift */; };
		932CF23C245B171500B8A38F /* URLs.swift in Sources */ = {isa = PBXBuildFile; fileRef = 932CF23B245B171500B8A38F /* URLs.swift */; };
		932CF23E245B173600B8A38F /* FavoritesVM.swift in Sources */ = {isa = PBXBuildFile; fileRef = 932CF23D245B173600B8A38F /* FavoritesVM.swift */; };
		932CF242245B188C00B8A38F /* CharacterTableViewCell.swift in Sources */ = {isa = PBXBuildFile; fileRef = 932CF240245B188C00B8A38F /* CharacterTableViewCell.swift */; };
		932CF243245B188C00B8A38F /* CharacterTableViewCell.xib in Resources */ = {isa = PBXBuildFile; fileRef = 932CF241245B188C00B8A38F /* CharacterTableViewCell.xib */; };
		932CF246245B18B000B8A38F /* FavoriteTableViewCell.swift in Sources */ = {isa = PBXBuildFile; fileRef = 932CF244245B18B000B8A38F /* FavoriteTableViewCell.swift */; };
		932CF247245B18B000B8A38F /* FavoriteTableViewCell.xib in Resources */ = {isa = PBXBuildFile; fileRef = 932CF245245B18B000B8A38F /* FavoriteTableViewCell.xib */; };
		932CF251245B191D00B8A38F /* Warehousable.swift in Sources */ = {isa = PBXBuildFile; fileRef = 932CF24A245B191D00B8A38F /* Warehousable.swift */; };
		932CF252245B191D00B8A38F /* WarehouseCacheable.swift in Sources */ = {isa = PBXBuildFile; fileRef = 932CF24B245B191D00B8A38F /* WarehouseCacheable.swift */; };
		932CF253245B191D00B8A38F /* Storable.swift in Sources */ = {isa = PBXBuildFile; fileRef = 932CF24C245B191D00B8A38F /* Storable.swift */; };
		932CF254245B191D00B8A38F /* Mirror+Serialization.swift in Sources */ = {isa = PBXBuildFile; fileRef = 932CF24D245B191D00B8A38F /* Mirror+Serialization.swift */; };
		932CF255245B191D00B8A38F /* MemoryWarehouse.swift in Sources */ = {isa = PBXBuildFile; fileRef = 932CF24E245B191D00B8A38F /* MemoryWarehouse.swift */; };
		932CF256245B191D00B8A38F /* JSONWarehouse.swift in Sources */ = {isa = PBXBuildFile; fileRef = 932CF24F245B191D00B8A38F /* JSONWarehouse.swift */; };
		932CF257245B191D00B8A38F /* Pantry.swift in Sources */ = {isa = PBXBuildFile; fileRef = 932CF250245B191D00B8A38F /* Pantry.swift */; };
		932CF259245B193600B8A38F /* StoringData.swift in Sources */ = {isa = PBXBuildFile; fileRef = 932CF258245B193600B8A38F /* StoringData.swift */; };
		932CF25B245B1E9800B8A38F /* Storyboards.swift in Sources */ = {isa = PBXBuildFile; fileRef = 932CF25A245B1E9800B8A38F /* Storyboards.swift */; };
		9339FC93245B7D2A00EAFCB7 /* UIView+constraints.swift in Sources */ = {isa = PBXBuildFile; fileRef = 9339FC92245B7D2A00EAFCB7 /* UIView+constraints.swift */; };
		9358F22D245A15CC00BF21C9 /* AppDelegate.swift in Sources */ = {isa = PBXBuildFile; fileRef = 9358F22C245A15CC00BF21C9 /* AppDelegate.swift */; };
		9358F22F245A15CC00BF21C9 /* SceneDelegate.swift in Sources */ = {isa = PBXBuildFile; fileRef = 9358F22E245A15CC00BF21C9 /* SceneDelegate.swift */; };
		9358F234245A15CC00BF21C9 /* Main.storyboard in Resources */ = {isa = PBXBuildFile; fileRef = 9358F232245A15CC00BF21C9 /* Main.storyboard */; };
		9358F236245A15D100BF21C9 /* Assets.xcassets in Resources */ = {isa = PBXBuildFile; fileRef = 9358F235245A15D100BF21C9 /* Assets.xcassets */; };
		9358F239245A15D100BF21C9 /* LaunchScreen.storyboard in Resources */ = {isa = PBXBuildFile; fileRef = 9358F237245A15D100BF21C9 /* LaunchScreen.storyboard */; };
		9358F244245A15D100BF21C9 /* HamraheManTestTests.swift in Sources */ = {isa = PBXBuildFile; fileRef = 9358F243245A15D100BF21C9 /* HamraheManTestTests.swift */; };
		9358F24F245A15D100BF21C9 /* HamraheManTestUITests.swift in Sources */ = {isa = PBXBuildFile; fileRef = 9358F24E245A15D100BF21C9 /* HamraheManTestUITests.swift */; };
		9358F25E245A1AD800BF21C9 /* WebService.swift in Sources */ = {isa = PBXBuildFile; fileRef = 9358F25D245A1AD800BF21C9 /* WebService.swift */; };
		93C35B27245C05D400D0DF65 /* MyView.swift in Sources */ = {isa = PBXBuildFile; fileRef = 93C35B26245C05D400D0DF65 /* MyView.swift */; };
		93C35B29245C426500D0DF65 /* WSCharacter.swift in Sources */ = {isa = PBXBuildFile; fileRef = 93C35B28245C426500D0DF65 /* WSCharacter.swift */; };
		93C35B2B245C445F00D0DF65 /* JCharacter.swift in Sources */ = {isa = PBXBuildFile; fileRef = 93C35B2A245C445F00D0DF65 /* JCharacter.swift */; };
		93C35B2D245C44D500D0DF65 /* JOrigin.swift in Sources */ = {isa = PBXBuildFile; fileRef = 93C35B2C245C44D500D0DF65 /* JOrigin.swift */; };
		93C35B2F245C6FF200D0DF65 /* MainVC.swift in Sources */ = {isa = PBXBuildFile; fileRef = 93C35B2E245C6FF200D0DF65 /* MainVC.swift */; };
		93C35B31245C7A4400D0DF65 /* WSEpisode.swift in Sources */ = {isa = PBXBuildFile; fileRef = 93C35B30245C7A4400D0DF65 /* WSEpisode.swift */; };
		93C35B33245C7F3400D0DF65 /* JEpisode.swift in Sources */ = {isa = PBXBuildFile; fileRef = 93C35B32245C7F3400D0DF65 /* JEpisode.swift */; };
		93C35B37245C8A0300D0DF65 /* JResEpisode.swift in Sources */ = {isa = PBXBuildFile; fileRef = 93C35B36245C8A0300D0DF65 /* JResEpisode.swift */; };
		93C35B39245CD72B00D0DF65 /* CharacterVCTest.swift in Sources */ = {isa = PBXBuildFile; fileRef = 93C35B38245CD72B00D0DF65 /* CharacterVCTest.swift */; };
/* End PBXBuildFile section */

/* Begin PBXContainerItemProxy section */
		9358F240245A15D100BF21C9 /* PBXContainerItemProxy */ = {
			isa = PBXContainerItemProxy;
			containerPortal = 9358F221245A15CC00BF21C9 /* Project object */;
			proxyType = 1;
			remoteGlobalIDString = 9358F228245A15CC00BF21C9;
			remoteInfo = HamraheManTest;
		};
		9358F24B245A15D100BF21C9 /* PBXContainerItemProxy */ = {
			isa = PBXContainerItemProxy;
			containerPortal = 9358F221245A15CC00BF21C9 /* Project object */;
			proxyType = 1;
			remoteGlobalIDString = 9358F228245A15CC00BF21C9;
			remoteInfo = HamraheManTest;
		};
/* End PBXContainerItemProxy section */

/* Begin PBXFileReference section */
		263F7CB920A45414ECC319E1 /* Pods_HamraheManTestTests.framework */ = {isa = PBXFileReference; explicitFileType = wrapper.framework; includeInIndex = 0; path = Pods_HamraheManTestTests.framework; sourceTree = BUILT_PRODUCTS_DIR; };
		3D008A86D9C1C285A94C021F /* Pods-HamraheManTest.release.xcconfig */ = {isa = PBXFileReference; includeInIndex = 1; lastKnownFileType = text.xcconfig; name = "Pods-HamraheManTest.release.xcconfig"; path = "Target Support Files/Pods-HamraheManTest/Pods-HamraheManTest.release.xcconfig"; sourceTree = "<group>"; };
		7643344E491D1E6AAF081A30 /* Pods-HamraheManTest-HamraheManTestUITests.debug.xcconfig */ = {isa = PBXFileReference; includeInIndex = 1; lastKnownFileType = text.xcconfig; name = "Pods-HamraheManTest-HamraheManTestUITests.debug.xcconfig"; path = "Target Support Files/Pods-HamraheManTest-HamraheManTestUITests/Pods-HamraheManTest-HamraheManTestUITests.debug.xcconfig"; sourceTree = "<group>"; };
		7694647AF51B1BC1699BF689 /* Pods_HamraheManTest.framework */ = {isa = PBXFileReference; explicitFileType = wrapper.framework; includeInIndex = 0; path = Pods_HamraheManTest.framework; sourceTree = BUILT_PRODUCTS_DIR; };
		7AFCEB7481C1426068F6DFB8 /* Pods-HamraheManTestTests.debug.xcconfig */ = {isa = PBXFileReference; includeInIndex = 1; lastKnownFileType = text.xcconfig; name = "Pods-HamraheManTestTests.debug.xcconfig"; path = "Target Support Files/Pods-HamraheManTestTests/Pods-HamraheManTestTests.debug.xcconfig"; sourceTree = "<group>"; };
		932CF21F245AA6DF00B8A38F /* JArrayResponse.swift */ = {isa = PBXFileReference; lastKnownFileType = sourcecode.swift; path = JArrayResponse.swift; sourceTree = "<group>"; };
		932CF222245AAD1100B8A38F /* EncodableExtension.swift */ = {isa = PBXFileReference; lastKnownFileType = sourcecode.swift; path = EncodableExtension.swift; sourceTree = "<group>"; };
		932CF224245AB45900B8A38F /* JInfo.swift */ = {isa = PBXFileReference; lastKnownFileType = sourcecode.swift; path = JInfo.swift; sourceTree = "<group>"; };
		932CF22A245AB7CA00B8A38F /* HamrahTestColors.swift */ = {isa = PBXFileReference; lastKnownFileType = sourcecode.swift; path = HamrahTestColors.swift; sourceTree = "<group>"; };
		932CF22D245AB8FD00B8A38F /* CharacterMainVC.swift */ = {isa = PBXFileReference; lastKnownFileType = sourcecode.swift; path = CharacterMainVC.swift; sourceTree = "<group>"; };
		932CF230245B145800B8A38F /* CharactersVC.swift */ = {isa = PBXFileReference; lastKnownFileType = sourcecode.swift; path = CharactersVC.swift; sourceTree = "<group>"; };
		932CF232245B147300B8A38F /* CharactersVM.swift */ = {isa = PBXFileReference; lastKnownFileType = sourcecode.swift; path = CharactersVM.swift; sourceTree = "<group>"; };
		932CF237245B164F00B8A38F /* FavoritesVC.swift */ = {isa = PBXFileReference; lastKnownFileType = sourcecode.swift; path = FavoritesVC.swift; sourceTree = "<group>"; };
		932CF23B245B171500B8A38F /* URLs.swift */ = {isa = PBXFileReference; lastKnownFileType = sourcecode.swift; path = URLs.swift; sourceTree = "<group>"; };
		932CF23D245B173600B8A38F /* FavoritesVM.swift */ = {isa = PBXFileReference; lastKnownFileType = sourcecode.swift; path = FavoritesVM.swift; sourceTree = "<group>"; };
		932CF240245B188C00B8A38F /* CharacterTableViewCell.swift */ = {isa = PBXFileReference; lastKnownFileType = sourcecode.swift; path = CharacterTableViewCell.swift; sourceTree = "<group>"; };
		932CF241245B188C00B8A38F /* CharacterTableViewCell.xib */ = {isa = PBXFileReference; lastKnownFileType = file.xib; path = CharacterTableViewCell.xib; sourceTree = "<group>"; };
		932CF244245B18B000B8A38F /* FavoriteTableViewCell.swift */ = {isa = PBXFileReference; lastKnownFileType = sourcecode.swift; path = FavoriteTableViewCell.swift; sourceTree = "<group>"; };
		932CF245245B18B000B8A38F /* FavoriteTableViewCell.xib */ = {isa = PBXFileReference; lastKnownFileType = file.xib; path = FavoriteTableViewCell.xib; sourceTree = "<group>"; };
		932CF24A245B191D00B8A38F /* Warehousable.swift */ = {isa = PBXFileReference; fileEncoding = 4; lastKnownFileType = sourcecode.swift; path = Warehousable.swift; sourceTree = "<group>"; };
		932CF24B245B191D00B8A38F /* WarehouseCacheable.swift */ = {isa = PBXFileReference; fileEncoding = 4; lastKnownFileType = sourcecode.swift; path = WarehouseCacheable.swift; sourceTree = "<group>"; };
		932CF24C245B191D00B8A38F /* Storable.swift */ = {isa = PBXFileReference; fileEncoding = 4; lastKnownFileType = sourcecode.swift; path = Storable.swift; sourceTree = "<group>"; };
		932CF24D245B191D00B8A38F /* Mirror+Serialization.swift */ = {isa = PBXFileReference; fileEncoding = 4; lastKnownFileType = sourcecode.swift; path = "Mirror+Serialization.swift"; sourceTree = "<group>"; };
		932CF24E245B191D00B8A38F /* MemoryWarehouse.swift */ = {isa = PBXFileReference; fileEncoding = 4; lastKnownFileType = sourcecode.swift; path = MemoryWarehouse.swift; sourceTree = "<group>"; };
		932CF24F245B191D00B8A38F /* JSONWarehouse.swift */ = {isa = PBXFileReference; fileEncoding = 4; lastKnownFileType = sourcecode.swift; path = JSONWarehouse.swift; sourceTree = "<group>"; };
		932CF250245B191D00B8A38F /* Pantry.swift */ = {isa = PBXFileReference; fileEncoding = 4; lastKnownFileType = sourcecode.swift; path = Pantry.swift; sourceTree = "<group>"; };
		932CF258245B193600B8A38F /* StoringData.swift */ = {isa = PBXFileReference; lastKnownFileType = sourcecode.swift; path = StoringData.swift; sourceTree = "<group>"; };
		932CF25A245B1E9800B8A38F /* Storyboards.swift */ = {isa = PBXFileReference; lastKnownFileType = sourcecode.swift; path = Storyboards.swift; sourceTree = "<group>"; };
		9339FC92245B7D2A00EAFCB7 /* UIView+constraints.swift */ = {isa = PBXFileReference; lastKnownFileType = sourcecode.swift; path = "UIView+constraints.swift"; sourceTree = "<group>"; };
		9358F229245A15CC00BF21C9 /* HamraheManTest.app */ = {isa = PBXFileReference; explicitFileType = wrapper.application; includeInIndex = 0; path = HamraheManTest.app; sourceTree = BUILT_PRODUCTS_DIR; };
		9358F22C245A15CC00BF21C9 /* AppDelegate.swift */ = {isa = PBXFileReference; lastKnownFileType = sourcecode.swift; path = AppDelegate.swift; sourceTree = "<group>"; };
		9358F22E245A15CC00BF21C9 /* SceneDelegate.swift */ = {isa = PBXFileReference; lastKnownFileType = sourcecode.swift; path = SceneDelegate.swift; sourceTree = "<group>"; };
		9358F233245A15CC00BF21C9 /* Base */ = {isa = PBXFileReference; lastKnownFileType = file.storyboard; name = Base; path = Base.lproj/Main.storyboard; sourceTree = "<group>"; };
		9358F235245A15D100BF21C9 /* Assets.xcassets */ = {isa = PBXFileReference; lastKnownFileType = folder.assetcatalog; path = Assets.xcassets; sourceTree = "<group>"; };
		9358F238245A15D100BF21C9 /* Base */ = {isa = PBXFileReference; lastKnownFileType = file.storyboard; name = Base; path = Base.lproj/LaunchScreen.storyboard; sourceTree = "<group>"; };
		9358F23A245A15D100BF21C9 /* Info.plist */ = {isa = PBXFileReference; lastKnownFileType = text.plist.xml; path = Info.plist; sourceTree = "<group>"; };
		9358F23F245A15D100BF21C9 /* HamraheManTestTests.xctest */ = {isa = PBXFileReference; explicitFileType = wrapper.cfbundle; includeInIndex = 0; path = HamraheManTestTests.xctest; sourceTree = BUILT_PRODUCTS_DIR; };
		9358F243245A15D100BF21C9 /* HamraheManTestTests.swift */ = {isa = PBXFileReference; lastKnownFileType = sourcecode.swift; path = HamraheManTestTests.swift; sourceTree = "<group>"; };
		9358F245245A15D100BF21C9 /* Info.plist */ = {isa = PBXFileReference; lastKnownFileType = text.plist.xml; path = Info.plist; sourceTree = "<group>"; };
		9358F24A245A15D100BF21C9 /* HamraheManTestUITests.xctest */ = {isa = PBXFileReference; explicitFileType = wrapper.cfbundle; includeInIndex = 0; path = HamraheManTestUITests.xctest; sourceTree = BUILT_PRODUCTS_DIR; };
		9358F24E245A15D100BF21C9 /* HamraheManTestUITests.swift */ = {isa = PBXFileReference; lastKnownFileType = sourcecode.swift; path = HamraheManTestUITests.swift; sourceTree = "<group>"; };
		9358F250245A15D100BF21C9 /* Info.plist */ = {isa = PBXFileReference; lastKnownFileType = text.plist.xml; path = Info.plist; sourceTree = "<group>"; };
		9358F25D245A1AD800BF21C9 /* WebService.swift */ = {isa = PBXFileReference; lastKnownFileType = sourcecode.swift; path = WebService.swift; sourceTree = "<group>"; };
		93C35B26245C05D400D0DF65 /* MyView.swift */ = {isa = PBXFileReference; fileEncoding = 4; lastKnownFileType = sourcecode.swift; path = MyView.swift; sourceTree = "<group>"; };
		93C35B28245C426500D0DF65 /* WSCharacter.swift */ = {isa = PBXFileReference; lastKnownFileType = sourcecode.swift; path = WSCharacter.swift; sourceTree = "<group>"; };
		93C35B2A245C445F00D0DF65 /* JCharacter.swift */ = {isa = PBXFileReference; lastKnownFileType = sourcecode.swift; path = JCharacter.swift; sourceTree = "<group>"; };
		93C35B2C245C44D500D0DF65 /* JOrigin.swift */ = {isa = PBXFileReference; lastKnownFileType = sourcecode.swift; path = JOrigin.swift; sourceTree = "<group>"; };
		93C35B2E245C6FF200D0DF65 /* MainVC.swift */ = {isa = PBXFileReference; lastKnownFileType = sourcecode.swift; path = MainVC.swift; sourceTree = "<group>"; };
		93C35B30245C7A4400D0DF65 /* WSEpisode.swift */ = {isa = PBXFileReference; lastKnownFileType = sourcecode.swift; path = WSEpisode.swift; sourceTree = "<group>"; };
		93C35B32245C7F3400D0DF65 /* JEpisode.swift */ = {isa = PBXFileReference; lastKnownFileType = sourcecode.swift; path = JEpisode.swift; sourceTree = "<group>"; };
		93C35B36245C8A0300D0DF65 /* JResEpisode.swift */ = {isa = PBXFileReference; lastKnownFileType = sourcecode.swift; path = JResEpisode.swift; sourceTree = "<group>"; };
		93C35B38245CD72B00D0DF65 /* CharacterVCTest.swift */ = {isa = PBXFileReference; lastKnownFileType = sourcecode.swift; path = CharacterVCTest.swift; sourceTree = "<group>"; };
		9810EEA9BC849FFCA8A7946C /* Pods-HamraheManTestTests.release.xcconfig */ = {isa = PBXFileReference; includeInIndex = 1; lastKnownFileType = text.xcconfig; name = "Pods-HamraheManTestTests.release.xcconfig"; path = "Target Support Files/Pods-HamraheManTestTests/Pods-HamraheManTestTests.release.xcconfig"; sourceTree = "<group>"; };
		A2682A22244578877A38F144 /* Pods-HamraheManTest-HamraheManTestUITests.release.xcconfig */ = {isa = PBXFileReference; includeInIndex = 1; lastKnownFileType = text.xcconfig; name = "Pods-HamraheManTest-HamraheManTestUITests.release.xcconfig"; path = "Target Support Files/Pods-HamraheManTest-HamraheManTestUITests/Pods-HamraheManTest-HamraheManTestUITests.release.xcconfig"; sourceTree = "<group>"; };
		DCA8F4C869C8FE96EE8EEA66 /* Pods_HamraheManTest_HamraheManTestUITests.framework */ = {isa = PBXFileReference; explicitFileType = wrapper.framework; includeInIndex = 0; path = Pods_HamraheManTest_HamraheManTestUITests.framework; sourceTree = BUILT_PRODUCTS_DIR; };
		E0FD0A971FE2B2415C1D8750 /* Pods-HamraheManTest.debug.xcconfig */ = {isa = PBXFileReference; includeInIndex = 1; lastKnownFileType = text.xcconfig; name = "Pods-HamraheManTest.debug.xcconfig"; path = "Target Support Files/Pods-HamraheManTest/Pods-HamraheManTest.debug.xcconfig"; sourceTree = "<group>"; };
/* End PBXFileReference section */

/* Begin PBXFrameworksBuildPhase section */
		9358F226245A15CC00BF21C9 /* Frameworks */ = {
			isa = PBXFrameworksBuildPhase;
			buildActionMask = 2147483647;
			files = (
				3E145200657D41B50756C677 /* Pods_HamraheManTest.framework in Frameworks */,
			);
			runOnlyForDeploymentPostprocessing = 0;
		};
		9358F23C245A15D100BF21C9 /* Frameworks */ = {
			isa = PBXFrameworksBuildPhase;
			buildActionMask = 2147483647;
			files = (
				3F4E772D7F5D601DDDAB253B /* Pods_HamraheManTestTests.framework in Frameworks */,
			);
			runOnlyForDeploymentPostprocessing = 0;
		};
		9358F247245A15D100BF21C9 /* Frameworks */ = {
			isa = PBXFrameworksBuildPhase;
			buildActionMask = 2147483647;
			files = (
				47F118167D8DE1776A672A3C /* Pods_HamraheManTest_HamraheManTestUITests.framework in Frameworks */,
			);
			runOnlyForDeploymentPostprocessing = 0;
		};
/* End PBXFrameworksBuildPhase section */

/* Begin PBXGroup section */
		932CF21D245AA67800B8A38F /* Models */ = {
			isa = PBXGroup;
			children = (
				932CF21F245AA6DF00B8A38F /* JArrayResponse.swift */,
				932CF224245AB45900B8A38F /* JInfo.swift */,
				93C35B2A245C445F00D0DF65 /* JCharacter.swift */,
				93C35B2C245C44D500D0DF65 /* JOrigin.swift */,
				93C35B32245C7F3400D0DF65 /* JEpisode.swift */,
				93C35B36245C8A0300D0DF65 /* JResEpisode.swift */,
			);
			path = Models;
			sourceTree = "<group>";
		};
		932CF21E245AA68800B8A38F /* Supporting Files */ = {
			isa = PBXGroup;
			children = (
				9358F235245A15D100BF21C9 /* Assets.xcassets */,
				9358F237245A15D100BF21C9 /* LaunchScreen.storyboard */,
			);
			path = "Supporting Files";
			sourceTree = "<group>";
		};
		932CF221245AAAFD00B8A38F /* Helper */ = {
			isa = PBXGroup;
			children = (
				932CF222245AAD1100B8A38F /* EncodableExtension.swift */,
				9339FC92245B7D2A00EAFCB7 /* UIView+constraints.swift */,
			);
			path = Helper;
			sourceTree = "<group>";
		};
		932CF226245AB77900B8A38F /* Components */ = {
			isa = PBXGroup;
			children = (
				93C35B26245C05D400D0DF65 /* MyView.swift */,
				93C35B2E245C6FF200D0DF65 /* MainVC.swift */,
			);
			path = Components;
			sourceTree = "<group>";
		};
		932CF229245AB7B200B8A38F /* Constants */ = {
			isa = PBXGroup;
			children = (
				932CF22A245AB7CA00B8A38F /* HamrahTestColors.swift */,
				932CF23B245B171500B8A38F /* URLs.swift */,
				932CF258245B193600B8A38F /* StoringData.swift */,
				932CF25A245B1E9800B8A38F /* Storyboards.swift */,
			);
			path = Constants;
			sourceTree = "<group>";
		};
		932CF235245B153C00B8A38F /* ViewModel */ = {
			isa = PBXGroup;
			children = (
				932CF232245B147300B8A38F /* CharactersVM.swift */,
				932CF23D245B173600B8A38F /* FavoritesVM.swift */,
			);
			path = ViewModel;
			sourceTree = "<group>";
		};
		932CF239245B165600B8A38F /* View */ = {
			isa = PBXGroup;
			children = (
				932CF23F245B186700B8A38F /* Cells */,
				932CF22D245AB8FD00B8A38F /* CharacterMainVC.swift */,
				932CF230245B145800B8A38F /* CharactersVC.swift */,
				932CF237245B164F00B8A38F /* FavoritesVC.swift */,
			);
			path = View;
			sourceTree = "<group>";
		};
		932CF23F245B186700B8A38F /* Cells */ = {
			isa = PBXGroup;
			children = (
				932CF240245B188C00B8A38F /* CharacterTableViewCell.swift */,
				932CF241245B188C00B8A38F /* CharacterTableViewCell.xib */,
				932CF244245B18B000B8A38F /* FavoriteTableViewCell.swift */,
				932CF245245B18B000B8A38F /* FavoriteTableViewCell.xib */,
			);
			path = Cells;
			sourceTree = "<group>";
		};
		932CF248245B191D00B8A38F /* Libraries */ = {
			isa = PBXGroup;
			children = (
				932CF249245B191D00B8A38F /* Pantry */,
			);
			path = Libraries;
			sourceTree = "<group>";
		};
		932CF249245B191D00B8A38F /* Pantry */ = {
			isa = PBXGroup;
			children = (
				932CF24A245B191D00B8A38F /* Warehousable.swift */,
				932CF24B245B191D00B8A38F /* WarehouseCacheable.swift */,
				932CF24C245B191D00B8A38F /* Storable.swift */,
				932CF24D245B191D00B8A38F /* Mirror+Serialization.swift */,
				932CF24E245B191D00B8A38F /* MemoryWarehouse.swift */,
				932CF24F245B191D00B8A38F /* JSONWarehouse.swift */,
				932CF250245B191D00B8A38F /* Pantry.swift */,
			);
			path = Pantry;
			sourceTree = "<group>";
		};
		9358F220245A15CC00BF21C9 = {
			isa = PBXGroup;
			children = (
				9358F22B245A15CC00BF21C9 /* HamraheManTest */,
				9358F242245A15D100BF21C9 /* HamraheManTestTests */,
				9358F24D245A15D100BF21C9 /* HamraheManTestUITests */,
				9358F22A245A15CC00BF21C9 /* Products */,
				F4AE7D076DB6A951A919B061 /* Pods */,
				FB9A0B1ADC9EBEF153E9DD6B /* Frameworks */,
			);
			sourceTree = "<group>";
		};
		9358F22A245A15CC00BF21C9 /* Products */ = {
			isa = PBXGroup;
			children = (
				9358F229245A15CC00BF21C9 /* HamraheManTest.app */,
				9358F23F245A15D100BF21C9 /* HamraheManTestTests.xctest */,
				9358F24A245A15D100BF21C9 /* HamraheManTestUITests.xctest */,
			);
			name = Products;
			sourceTree = "<group>";
		};
		9358F22B245A15CC00BF21C9 /* HamraheManTest */ = {
			isa = PBXGroup;
			children = (
				932CF229245AB7B200B8A38F /* Constants */,
				932CF226245AB77900B8A38F /* Components */,
				932CF221245AAAFD00B8A38F /* Helper */,
				932CF248245B191D00B8A38F /* Libraries */,
				9358F25C245A1AC300BF21C9 /* Networking */,
				932CF21D245AA67800B8A38F /* Models */,
				932CF239245B165600B8A38F /* View */,
				932CF235245B153C00B8A38F /* ViewModel */,
				93C35B3A245CDC0C00D0DF65 /* Storyboards */,
				932CF21E245AA68800B8A38F /* Supporting Files */,
				9358F22C245A15CC00BF21C9 /* AppDelegate.swift */,
				9358F22E245A15CC00BF21C9 /* SceneDelegate.swift */,
				9358F23A245A15D100BF21C9 /* Info.plist */,
			);
			path = HamraheManTest;
			sourceTree = "<group>";
		};
		9358F242245A15D100BF21C9 /* HamraheManTestTests */ = {
			isa = PBXGroup;
			children = (
				9358F243245A15D100BF21C9 /* HamraheManTestTests.swift */,
				9358F245245A15D100BF21C9 /* Info.plist */,
				93C35B38245CD72B00D0DF65 /* CharacterVCTest.swift */,
			);
			path = HamraheManTestTests;
			sourceTree = "<group>";
		};
		9358F24D245A15D100BF21C9 /* HamraheManTestUITests */ = {
			isa = PBXGroup;
			children = (
				9358F24E245A15D100BF21C9 /* HamraheManTestUITests.swift */,
				9358F250245A15D100BF21C9 /* Info.plist */,
			);
			path = HamraheManTestUITests;
			sourceTree = "<group>";
		};
		9358F25C245A1AC300BF21C9 /* Networking */ = {
			isa = PBXGroup;
			children = (
				9358F25D245A1AD800BF21C9 /* WebService.swift */,
				93C35B28245C426500D0DF65 /* WSCharacter.swift */,
				93C35B30245C7A4400D0DF65 /* WSEpisode.swift */,
			);
			path = Networking;
			sourceTree = "<group>";
		};
		93C35B3A245CDC0C00D0DF65 /* Storyboards */ = {
			isa = PBXGroup;
			children = (
				9358F232245A15CC00BF21C9 /* Main.storyboard */,
			);
			path = Storyboards;
			sourceTree = "<group>";
		};
		F4AE7D076DB6A951A919B061 /* Pods */ = {
			isa = PBXGroup;
			children = (
				E0FD0A971FE2B2415C1D8750 /* Pods-HamraheManTest.debug.xcconfig */,
				3D008A86D9C1C285A94C021F /* Pods-HamraheManTest.release.xcconfig */,
				7643344E491D1E6AAF081A30 /* Pods-HamraheManTest-HamraheManTestUITests.debug.xcconfig */,
				A2682A22244578877A38F144 /* Pods-HamraheManTest-HamraheManTestUITests.release.xcconfig */,
				7AFCEB7481C1426068F6DFB8 /* Pods-HamraheManTestTests.debug.xcconfig */,
				9810EEA9BC849FFCA8A7946C /* Pods-HamraheManTestTests.release.xcconfig */,
			);
			path = Pods;
			sourceTree = "<group>";
		};
		FB9A0B1ADC9EBEF153E9DD6B /* Frameworks */ = {
			isa = PBXGroup;
			children = (
				7694647AF51B1BC1699BF689 /* Pods_HamraheManTest.framework */,
				DCA8F4C869C8FE96EE8EEA66 /* Pods_HamraheManTest_HamraheManTestUITests.framework */,
				263F7CB920A45414ECC319E1 /* Pods_HamraheManTestTests.framework */,
			);
			name = Frameworks;
			sourceTree = "<group>";
		};
/* End PBXGroup section */

/* Begin PBXNativeTarget section */
		9358F228245A15CC00BF21C9 /* HamraheManTest */ = {
			isa = PBXNativeTarget;
			buildConfigurationList = 9358F253245A15D100BF21C9 /* Build configuration list for PBXNativeTarget "HamraheManTest" */;
			buildPhases = (
				12FBA2DE7A03D4DB7FA27426 /* [CP] Check Pods Manifest.lock */,
				9358F225245A15CC00BF21C9 /* Sources */,
				9358F226245A15CC00BF21C9 /* Frameworks */,
				9358F227245A15CC00BF21C9 /* Resources */,
				510C511192A3614E1D11C47B /* [CP] Embed Pods Frameworks */,
			);
			buildRules = (
			);
			dependencies = (
			);
			name = HamraheManTest;
			productName = HamraheManTest;
			productReference = 9358F229245A15CC00BF21C9 /* HamraheManTest.app */;
			productType = "com.apple.product-type.application";
		};
		9358F23E245A15D100BF21C9 /* HamraheManTestTests */ = {
			isa = PBXNativeTarget;
			buildConfigurationList = 9358F256245A15D100BF21C9 /* Build configuration list for PBXNativeTarget "HamraheManTestTests" */;
			buildPhases = (
				729E0EA6C4DAE26DA2E75310 /* [CP] Check Pods Manifest.lock */,
				9358F23B245A15D100BF21C9 /* Sources */,
				9358F23C245A15D100BF21C9 /* Frameworks */,
				9358F23D245A15D100BF21C9 /* Resources */,
			);
			buildRules = (
			);
			dependencies = (
				9358F241245A15D100BF21C9 /* PBXTargetDependency */,
			);
			name = HamraheManTestTests;
			productName = HamraheManTestTests;
			productReference = 9358F23F245A15D100BF21C9 /* HamraheManTestTests.xctest */;
			productType = "com.apple.product-type.bundle.unit-test";
		};
		9358F249245A15D100BF21C9 /* HamraheManTestUITests */ = {
			isa = PBXNativeTarget;
			buildConfigurationList = 9358F259245A15D100BF21C9 /* Build configuration list for PBXNativeTarget "HamraheManTestUITests" */;
			buildPhases = (
				CD265B57EC3778773332438D /* [CP] Check Pods Manifest.lock */,
				9358F246245A15D100BF21C9 /* Sources */,
				9358F247245A15D100BF21C9 /* Frameworks */,
				9358F248245A15D100BF21C9 /* Resources */,
				F3321EF29E2E80CB74728FA2 /* [CP] Embed Pods Frameworks */,
			);
			buildRules = (
			);
			dependencies = (
				9358F24C245A15D100BF21C9 /* PBXTargetDependency */,
			);
			name = HamraheManTestUITests;
			productName = HamraheManTestUITests;
			productReference = 9358F24A245A15D100BF21C9 /* HamraheManTestUITests.xctest */;
			productType = "com.apple.product-type.bundle.ui-testing";
		};
/* End PBXNativeTarget section */

/* Begin PBXProject section */
		9358F221245A15CC00BF21C9 /* Project object */ = {
			isa = PBXProject;
			attributes = {
				LastSwiftUpdateCheck = 1130;
				LastUpgradeCheck = 1130;
				ORGANIZATIONNAME = HamraheManTest;
				TargetAttributes = {
					9358F228245A15CC00BF21C9 = {
						CreatedOnToolsVersion = 11.3;
					};
					9358F23E245A15D100BF21C9 = {
						CreatedOnToolsVersion = 11.3;
						TestTargetID = 9358F228245A15CC00BF21C9;
					};
					9358F249245A15D100BF21C9 = {
						CreatedOnToolsVersion = 11.3;
						TestTargetID = 9358F228245A15CC00BF21C9;
					};
				};
			};
			buildConfigurationList = 9358F224245A15CC00BF21C9 /* Build configuration list for PBXProject "HamraheManTest" */;
			compatibilityVersion = "Xcode 9.3";
			developmentRegion = en;
			hasScannedForEncodings = 0;
			knownRegions = (
				en,
				Base,
			);
			mainGroup = 9358F220245A15CC00BF21C9;
			productRefGroup = 9358F22A245A15CC00BF21C9 /* Products */;
			projectDirPath = "";
			projectRoot = "";
			targets = (
				9358F228245A15CC00BF21C9 /* HamraheManTest */,
				9358F23E245A15D100BF21C9 /* HamraheManTestTests */,
				9358F249245A15D100BF21C9 /* HamraheManTestUITests */,
			);
		};
/* End PBXProject section */

/* Begin PBXResourcesBuildPhase section */
		9358F227245A15CC00BF21C9 /* Resources */ = {
			isa = PBXResourcesBuildPhase;
			buildActionMask = 2147483647;
			files = (
				9358F239245A15D100BF21C9 /* LaunchScreen.storyboard in Resources */,
				9358F236245A15D100BF21C9 /* Assets.xcassets in Resources */,
				932CF247245B18B000B8A38F /* FavoriteTableViewCell.xib in Resources */,
				9358F234245A15CC00BF21C9 /* Main.storyboard in Resources */,
				932CF243245B188C00B8A38F /* CharacterTableViewCell.xib in Resources */,
			);
			runOnlyForDeploymentPostprocessing = 0;
		};
		9358F23D245A15D100BF21C9 /* Resources */ = {
			isa = PBXResourcesBuildPhase;
			buildActionMask = 2147483647;
			files = (
			);
			runOnlyForDeploymentPostprocessing = 0;
		};
		9358F248245A15D100BF21C9 /* Resources */ = {
			isa = PBXResourcesBuildPhase;
			buildActionMask = 2147483647;
			files = (
			);
			runOnlyForDeploymentPostprocessing = 0;
		};
/* End PBXResourcesBuildPhase section */

/* Begin PBXShellScriptBuildPhase section */
		12FBA2DE7A03D4DB7FA27426 /* [CP] Check Pods Manifest.lock */ = {
			isa = PBXShellScriptBuildPhase;
			buildActionMask = 2147483647;
			files = (
			);
			inputFileListPaths = (
			);
			inputPaths = (
				"${PODS_PODFILE_DIR_PATH}/Podfile.lock",
				"${PODS_ROOT}/Manifest.lock",
			);
			name = "[CP] Check Pods Manifest.lock";
			outputFileListPaths = (
			);
			outputPaths = (
				"$(DERIVED_FILE_DIR)/Pods-HamraheManTest-checkManifestLockResult.txt",
			);
			runOnlyForDeploymentPostprocessing = 0;
			shellPath = /bin/sh;
			shellScript = "diff \"${PODS_PODFILE_DIR_PATH}/Podfile.lock\" \"${PODS_ROOT}/Manifest.lock\" > /dev/null\nif [ $? != 0 ] ; then\n    # print error to STDERR\n    echo \"error: The sandbox is not in sync with the Podfile.lock. Run 'pod install' or update your CocoaPods installation.\" >&2\n    exit 1\nfi\n# This output is used by Xcode 'outputs' to avoid re-running this script phase.\necho \"SUCCESS\" > \"${SCRIPT_OUTPUT_FILE_0}\"\n";
			showEnvVarsInLog = 0;
		};
		510C511192A3614E1D11C47B /* [CP] Embed Pods Frameworks */ = {
			isa = PBXShellScriptBuildPhase;
			buildActionMask = 2147483647;
			files = (
			);
			inputFileListPaths = (
				"${PODS_ROOT}/Target Support Files/Pods-HamraheManTest/Pods-HamraheManTest-frameworks-${CONFIGURATION}-input-files.xcfilelist",
			);
			name = "[CP] Embed Pods Frameworks";
			outputFileListPaths = (
				"${PODS_ROOT}/Target Support Files/Pods-HamraheManTest/Pods-HamraheManTest-frameworks-${CONFIGURATION}-output-files.xcfilelist",
			);
			runOnlyForDeploymentPostprocessing = 0;
			shellPath = /bin/sh;
			shellScript = "\"${PODS_ROOT}/Target Support Files/Pods-HamraheManTest/Pods-HamraheManTest-frameworks.sh\"\n";
			showEnvVarsInLog = 0;
		};
		729E0EA6C4DAE26DA2E75310 /* [CP] Check Pods Manifest.lock */ = {
			isa = PBXShellScriptBuildPhase;
			buildActionMask = 2147483647;
			files = (
			);
			inputFileListPaths = (
			);
			inputPaths = (
				"${PODS_PODFILE_DIR_PATH}/Podfile.lock",
				"${PODS_ROOT}/Manifest.lock",
			);
			name = "[CP] Check Pods Manifest.lock";
			outputFileListPaths = (
			);
			outputPaths = (
				"$(DERIVED_FILE_DIR)/Pods-HamraheManTestTests-checkManifestLockResult.txt",
			);
			runOnlyForDeploymentPostprocessing = 0;
			shellPath = /bin/sh;
			shellScript = "diff \"${PODS_PODFILE_DIR_PATH}/Podfile.lock\" \"${PODS_ROOT}/Manifest.lock\" > /dev/null\nif [ $? != 0 ] ; then\n    # print error to STDERR\n    echo \"error: The sandbox is not in sync with the Podfile.lock. Run 'pod install' or update your CocoaPods installation.\" >&2\n    exit 1\nfi\n# This output is used by Xcode 'outputs' to avoid re-running this script phase.\necho \"SUCCESS\" > \"${SCRIPT_OUTPUT_FILE_0}\"\n";
			showEnvVarsInLog = 0;
		};
		CD265B57EC3778773332438D /* [CP] Check Pods Manifest.lock */ = {
			isa = PBXShellScriptBuildPhase;
			buildActionMask = 2147483647;
			files = (
			);
			inputFileListPaths = (
			);
			inputPaths = (
				"${PODS_PODFILE_DIR_PATH}/Podfile.lock",
				"${PODS_ROOT}/Manifest.lock",
			);
			name = "[CP] Check Pods Manifest.lock";
			outputFileListPaths = (
			);
			outputPaths = (
				"$(DERIVED_FILE_DIR)/Pods-HamraheManTest-HamraheManTestUITests-checkManifestLockResult.txt",
			);
			runOnlyForDeploymentPostprocessing = 0;
			shellPath = /bin/sh;
			shellScript = "diff \"${PODS_PODFILE_DIR_PATH}/Podfile.lock\" \"${PODS_ROOT}/Manifest.lock\" > /dev/null\nif [ $? != 0 ] ; then\n    # print error to STDERR\n    echo \"error: The sandbox is not in sync with the Podfile.lock. Run 'pod install' or update your CocoaPods installation.\" >&2\n    exit 1\nfi\n# This output is used by Xcode 'outputs' to avoid re-running this script phase.\necho \"SUCCESS\" > \"${SCRIPT_OUTPUT_FILE_0}\"\n";
			showEnvVarsInLog = 0;
		};
		F3321EF29E2E80CB74728FA2 /* [CP] Embed Pods Frameworks */ = {
			isa = PBXShellScriptBuildPhase;
			buildActionMask = 2147483647;
			files = (
			);
			inputFileListPaths = (
				"${PODS_ROOT}/Target Support Files/Pods-HamraheManTest-HamraheManTestUITests/Pods-HamraheManTest-HamraheManTestUITests-frameworks-${CONFIGURATION}-input-files.xcfilelist",
			);
			name = "[CP] Embed Pods Frameworks";
			outputFileListPaths = (
				"${PODS_ROOT}/Target Support Files/Pods-HamraheManTest-HamraheManTestUITests/Pods-HamraheManTest-HamraheManTestUITests-frameworks-${CONFIGURATION}-output-files.xcfilelist",
			);
			runOnlyForDeploymentPostprocessing = 0;
			shellPath = /bin/sh;
			shellScript = "\"${PODS_ROOT}/Target Support Files/Pods-HamraheManTest-HamraheManTestUITests/Pods-HamraheManTest-HamraheManTestUITests-frameworks.sh\"\n";
			showEnvVarsInLog = 0;
		};
/* End PBXShellScriptBuildPhase section */

/* Begin PBXSourcesBuildPhase section */
		9358F225245A15CC00BF21C9 /* Sources */ = {
			isa = PBXSourcesBuildPhase;
			buildActionMask = 2147483647;
			files = (
				932CF23E245B173600B8A38F /* FavoritesVM.swift in Sources */,
				93C35B2F245C6FF200D0DF65 /* MainVC.swift in Sources */,
				932CF22E245AB8FD00B8A38F /* CharacterMainVC.swift in Sources */,
				932CF242245B188C00B8A38F /* CharacterTableViewCell.swift in Sources */,
				93C35B27245C05D400D0DF65 /* MyView.swift in Sources */,
				93C35B37245C8A0300D0DF65 /* JResEpisode.swift in Sources */,
				932CF253245B191D00B8A38F /* Storable.swift in Sources */,
				932CF255245B191D00B8A38F /* MemoryWarehouse.swift in Sources */,
				932CF256245B191D00B8A38F /* JSONWarehouse.swift in Sources */,
				932CF23C245B171500B8A38F /* URLs.swift in Sources */,
				932CF225245AB45900B8A38F /* JInfo.swift in Sources */,
				9358F22D245A15CC00BF21C9 /* AppDelegate.swift in Sources */,
				93C35B2B245C445F00D0DF65 /* JCharacter.swift in Sources */,
				932CF233245B147300B8A38F /* CharactersVM.swift in Sources */,
				932CF25B245B1E9800B8A38F /* Storyboards.swift in Sources */,
				932CF254245B191D00B8A38F /* Mirror+Serialization.swift in Sources */,
				932CF259245B193600B8A38F /* StoringData.swift in Sources */,
				932CF257245B191D00B8A38F /* Pantry.swift in Sources */,
				9358F25E245A1AD800BF21C9 /* WebService.swift in Sources */,
				93C35B2D245C44D500D0DF65 /* JOrigin.swift in Sources */,
				932CF246245B18B000B8A38F /* FavoriteTableViewCell.swift in Sources */,
				932CF22B245AB7CA00B8A38F /* HamrahTestColors.swift in Sources */,
				93C35B31245C7A4400D0DF65 /* WSEpisode.swift in Sources */,
				932CF231245B145800B8A38F /* CharactersVC.swift in Sources */,
				9339FC93245B7D2A00EAFCB7 /* UIView+constraints.swift in Sources */,
				932CF238245B164F00B8A38F /* FavoritesVC.swift in Sources */,
				9358F22F245A15CC00BF21C9 /* SceneDelegate.swift in Sources */,
				93C35B29245C426500D0DF65 /* WSCharacter.swift in Sources */,
				932CF252245B191D00B8A38F /* WarehouseCacheable.swift in Sources */,
				93C35B33245C7F3400D0DF65 /* JEpisode.swift in Sources */,
				932CF251245B191D00B8A38F /* Warehousable.swift in Sources */,
				932CF223245AAD1100B8A38F /* EncodableExtension.swift in Sources */,
				932CF220245AA6DF00B8A38F /* JArrayResponse.swift in Sources */,
			);
			runOnlyForDeploymentPostprocessing = 0;
		};
		9358F23B245A15D100BF21C9 /* Sources */ = {
			isa = PBXSourcesBuildPhase;
			buildActionMask = 2147483647;
			files = (
				93C35B39245CD72B00D0DF65 /* CharacterVCTest.swift in Sources */,
				9358F244245A15D100BF21C9 /* HamraheManTestTests.swift in Sources */,
			);
			runOnlyForDeploymentPostprocessing = 0;
		};
		9358F246245A15D100BF21C9 /* Sources */ = {
			isa = PBXSourcesBuildPhase;
			buildActionMask = 2147483647;
			files = (
				9358F24F245A15D100BF21C9 /* HamraheManTestUITests.swift in Sources */,
			);
			runOnlyForDeploymentPostprocessing = 0;
		};
/* End PBXSourcesBuildPhase section */

/* Begin PBXTargetDependency section */
		9358F241245A15D100BF21C9 /* PBXTargetDependency */ = {
			isa = PBXTargetDependency;
			target = 9358F228245A15CC00BF21C9 /* HamraheManTest */;
			targetProxy = 9358F240245A15D100BF21C9 /* PBXContainerItemProxy */;
		};
		9358F24C245A15D100BF21C9 /* PBXTargetDependency */ = {
			isa = PBXTargetDependency;
			target = 9358F228245A15CC00BF21C9 /* HamraheManTest */;
			targetProxy = 9358F24B245A15D100BF21C9 /* PBXContainerItemProxy */;
		};
/* End PBXTargetDependency section */

/* Begin PBXVariantGroup section */
		9358F232245A15CC00BF21C9 /* Main.storyboard */ = {
			isa = PBXVariantGroup;
			children = (
				9358F233245A15CC00BF21C9 /* Base */,
			);
			name = Main.storyboard;
			sourceTree = "<group>";
		};
		9358F237245A15D100BF21C9 /* LaunchScreen.storyboard */ = {
			isa = PBXVariantGroup;
			children = (
				9358F238245A15D100BF21C9 /* Base */,
			);
			name = LaunchScreen.storyboard;
			sourceTree = "<group>";
		};
/* End PBXVariantGroup section */

/* Begin XCBuildConfiguration section */
		9358F251245A15D100BF21C9 /* Debug */ = {
			isa = XCBuildConfiguration;
			buildSettings = {
				ALWAYS_SEARCH_USER_PATHS = NO;
				CLANG_ANALYZER_NONNULL = YES;
				CLANG_ANALYZER_NUMBER_OBJECT_CONVERSION = YES_AGGRESSIVE;
				CLANG_CXX_LANGUAGE_STANDARD = "gnu++14";
				CLANG_CXX_LIBRARY = "libc++";
				CLANG_ENABLE_MODULES = YES;
				CLANG_ENABLE_OBJC_ARC = YES;
				CLANG_ENABLE_OBJC_WEAK = YES;
				CLANG_WARN_BLOCK_CAPTURE_AUTORELEASING = YES;
				CLANG_WARN_BOOL_CONVERSION = YES;
				CLANG_WARN_COMMA = YES;
				CLANG_WARN_CONSTANT_CONVERSION = YES;
				CLANG_WARN_DEPRECATED_OBJC_IMPLEMENTATIONS = YES;
				CLANG_WARN_DIRECT_OBJC_ISA_USAGE = YES_ERROR;
				CLANG_WARN_DOCUMENTATION_COMMENTS = YES;
				CLANG_WARN_EMPTY_BODY = YES;
				CLANG_WARN_ENUM_CONVERSION = YES;
				CLANG_WARN_INFINITE_RECURSION = YES;
				CLANG_WARN_INT_CONVERSION = YES;
				CLANG_WARN_NON_LITERAL_NULL_CONVERSION = YES;
				CLANG_WARN_OBJC_IMPLICIT_RETAIN_SELF = YES;
				CLANG_WARN_OBJC_LITERAL_CONVERSION = YES;
				CLANG_WARN_OBJC_ROOT_CLASS = YES_ERROR;
				CLANG_WARN_RANGE_LOOP_ANALYSIS = YES;
				CLANG_WARN_STRICT_PROTOTYPES = YES;
				CLANG_WARN_SUSPICIOUS_MOVE = YES;
				CLANG_WARN_UNGUARDED_AVAILABILITY = YES_AGGRESSIVE;
				CLANG_WARN_UNREACHABLE_CODE = YES;
				CLANG_WARN__DUPLICATE_METHOD_MATCH = YES;
				COPY_PHASE_STRIP = NO;
				DEBUG_INFORMATION_FORMAT = dwarf;
				ENABLE_STRICT_OBJC_MSGSEND = YES;
				ENABLE_TESTABILITY = YES;
				GCC_C_LANGUAGE_STANDARD = gnu11;
				GCC_DYNAMIC_NO_PIC = NO;
				GCC_NO_COMMON_BLOCKS = YES;
				GCC_OPTIMIZATION_LEVEL = 0;
				GCC_PREPROCESSOR_DEFINITIONS = (
					"DEBUG=1",
					"$(inherited)",
				);
				GCC_WARN_64_TO_32_BIT_CONVERSION = YES;
				GCC_WARN_ABOUT_RETURN_TYPE = YES_ERROR;
				GCC_WARN_UNDECLARED_SELECTOR = YES;
				GCC_WARN_UNINITIALIZED_AUTOS = YES_AGGRESSIVE;
				GCC_WARN_UNUSED_FUNCTION = YES;
				GCC_WARN_UNUSED_VARIABLE = YES;
				IPHONEOS_DEPLOYMENT_TARGET = 13.2;
				MTL_ENABLE_DEBUG_INFO = INCLUDE_SOURCE;
				MTL_FAST_MATH = YES;
				ONLY_ACTIVE_ARCH = YES;
				SDKROOT = iphoneos;
				SWIFT_ACTIVE_COMPILATION_CONDITIONS = DEBUG;
				SWIFT_OPTIMIZATION_LEVEL = "-Onone";
			};
			name = Debug;
		};
		9358F252245A15D100BF21C9 /* Release */ = {
			isa = XCBuildConfiguration;
			buildSettings = {
				ALWAYS_SEARCH_USER_PATHS = NO;
				CLANG_ANALYZER_NONNULL = YES;
				CLANG_ANALYZER_NUMBER_OBJECT_CONVERSION = YES_AGGRESSIVE;
				CLANG_CXX_LANGUAGE_STANDARD = "gnu++14";
				CLANG_CXX_LIBRARY = "libc++";
				CLANG_ENABLE_MODULES = YES;
				CLANG_ENABLE_OBJC_ARC = YES;
				CLANG_ENABLE_OBJC_WEAK = YES;
				CLANG_WARN_BLOCK_CAPTURE_AUTORELEASING = YES;
				CLANG_WARN_BOOL_CONVERSION = YES;
				CLANG_WARN_COMMA = YES;
				CLANG_WARN_CONSTANT_CONVERSION = YES;
				CLANG_WARN_DEPRECATED_OBJC_IMPLEMENTATIONS = YES;
				CLANG_WARN_DIRECT_OBJC_ISA_USAGE = YES_ERROR;
				CLANG_WARN_DOCUMENTATION_COMMENTS = YES;
				CLANG_WARN_EMPTY_BODY = YES;
				CLANG_WARN_ENUM_CONVERSION = YES;
				CLANG_WARN_INFINITE_RECURSION = YES;
				CLANG_WARN_INT_CONVERSION = YES;
				CLANG_WARN_NON_LITERAL_NULL_CONVERSION = YES;
				CLANG_WARN_OBJC_IMPLICIT_RETAIN_SELF = YES;
				CLANG_WARN_OBJC_LITERAL_CONVERSION = YES;
				CLANG_WARN_OBJC_ROOT_CLASS = YES_ERROR;
				CLANG_WARN_RANGE_LOOP_ANALYSIS = YES;
				CLANG_WARN_STRICT_PROTOTYPES = YES;
				CLANG_WARN_SUSPICIOUS_MOVE = YES;
				CLANG_WARN_UNGUARDED_AVAILABILITY = YES_AGGRESSIVE;
				CLANG_WARN_UNREACHABLE_CODE = YES;
				CLANG_WARN__DUPLICATE_METHOD_MATCH = YES;
				COPY_PHASE_STRIP = NO;
				DEBUG_INFORMATION_FORMAT = "dwarf-with-dsym";
				ENABLE_NS_ASSERTIONS = NO;
				ENABLE_STRICT_OBJC_MSGSEND = YES;
				GCC_C_LANGUAGE_STANDARD = gnu11;
				GCC_NO_COMMON_BLOCKS = YES;
				GCC_WARN_64_TO_32_BIT_CONVERSION = YES;
				GCC_WARN_ABOUT_RETURN_TYPE = YES_ERROR;
				GCC_WARN_UNDECLARED_SELECTOR = YES;
				GCC_WARN_UNINITIALIZED_AUTOS = YES_AGGRESSIVE;
				GCC_WARN_UNUSED_FUNCTION = YES;
				GCC_WARN_UNUSED_VARIABLE = YES;
				IPHONEOS_DEPLOYMENT_TARGET = 13.2;
				MTL_ENABLE_DEBUG_INFO = NO;
				MTL_FAST_MATH = YES;
				SDKROOT = iphoneos;
				SWIFT_COMPILATION_MODE = wholemodule;
				SWIFT_OPTIMIZATION_LEVEL = "-O";
				VALIDATE_PRODUCT = YES;
			};
			name = Release;
		};
		9358F254245A15D100BF21C9 /* Debug */ = {
			isa = XCBuildConfiguration;
			baseConfigurationReference = E0FD0A971FE2B2415C1D8750 /* Pods-HamraheManTest.debug.xcconfig */;
			buildSettings = {
				ASSETCATALOG_COMPILER_APPICON_NAME = AppIcon;
				CODE_SIGN_STYLE = Automatic;
				INFOPLIST_FILE = HamraheManTest/Info.plist;
				IPHONEOS_DEPLOYMENT_TARGET = 11.0;
				LD_RUNPATH_SEARCH_PATHS = (
					"$(inherited)",
					"@executable_path/Frameworks",
				);
				PRODUCT_BUNDLE_IDENTIFIER = Test.app.com.HamraheManTest;
				PRODUCT_NAME = "$(TARGET_NAME)";
				SWIFT_VERSION = 5.0;
				TARGETED_DEVICE_FAMILY = "1,2";
			};
			name = Debug;
		};
		9358F255245A15D100BF21C9 /* Release */ = {
			isa = XCBuildConfiguration;
			baseConfigurationReference = 3D008A86D9C1C285A94C021F /* Pods-HamraheManTest.release.xcconfig */;
			buildSettings = {
				ASSETCATALOG_COMPILER_APPICON_NAME = AppIcon;
				CODE_SIGN_STYLE = Automatic;
				INFOPLIST_FILE = HamraheManTest/Info.plist;
				IPHONEOS_DEPLOYMENT_TARGET = 11.0;
				LD_RUNPATH_SEARCH_PATHS = (
					"$(inherited)",
					"@executable_path/Frameworks",
				);
				PRODUCT_BUNDLE_IDENTIFIER = Test.app.com.HamraheManTest;
				PRODUCT_NAME = "$(TARGET_NAME)";
				SWIFT_VERSION = 5.0;
				TARGETED_DEVICE_FAMILY = "1,2";
			};
			name = Release;
		};
		9358F257245A15D100BF21C9 /* Debug */ = {
			isa = XCBuildConfiguration;
			baseConfigurationReference = 7AFCEB7481C1426068F6DFB8 /* Pods-HamraheManTestTests.debug.xcconfig */;
			buildSettings = {
				ALWAYS_EMBED_SWIFT_STANDARD_LIBRARIES = YES;
				BUNDLE_LOADER = "$(TEST_HOST)";
				CODE_SIGN_STYLE = Automatic;
				INFOPLIST_FILE = HamraheManTestTests/Info.plist;
				IPHONEOS_DEPLOYMENT_TARGET = 13.2;
				LD_RUNPATH_SEARCH_PATHS = (
					"$(inherited)",
					"@executable_path/Frameworks",
					"@loader_path/Frameworks",
				);
				PRODUCT_BUNDLE_IDENTIFIER = Test.app.com.HamraheManTestTests;
				PRODUCT_NAME = "$(TARGET_NAME)";
				SWIFT_VERSION = 5.0;
				TARGETED_DEVICE_FAMILY = "1,2";
				TEST_HOST = "$(BUILT_PRODUCTS_DIR)/HamraheManTest.app/HamraheManTest";
			};
			name = Debug;
		};
		9358F258245A15D100BF21C9 /* Release */ = {
			isa = XCBuildConfiguration;
			baseConfigurationReference = 9810EEA9BC849FFCA8A7946C /* Pods-HamraheManTestTests.release.xcconfig */;
			buildSettings = {
				ALWAYS_EMBED_SWIFT_STANDARD_LIBRARIES = YES;
				BUNDLE_LOADER = "$(TEST_HOST)";
				CODE_SIGN_STYLE = Automatic;
				INFOPLIST_FILE = HamraheManTestTests/Info.plist;
				IPHONEOS_DEPLOYMENT_TARGET = 13.2;
				LD_RUNPATH_SEARCH_PATHS = (
					"$(inherited)",
					"@executable_path/Frameworks",
					"@loader_path/Frameworks",
				);
				PRODUCT_BUNDLE_IDENTIFIER = Test.app.com.HamraheManTestTests;
				PRODUCT_NAME = "$(TARGET_NAME)";
				SWIFT_VERSION = 5.0;
				TARGETED_DEVICE_FAMILY = "1,2";
				TEST_HOST = "$(BUILT_PRODUCTS_DIR)/HamraheManTest.app/HamraheManTest";
			};
			name = Release;
		};
		9358F25A245A15D100BF21C9 /* Debug */ = {
			isa = XCBuildConfiguration;
			baseConfigurationReference = 7643344E491D1E6AAF081A30 /* Pods-HamraheManTest-HamraheManTestUITests.debug.xcconfig */;
			buildSettings = {
				ALWAYS_EMBED_SWIFT_STANDARD_LIBRARIES = YES;
				CODE_SIGN_STYLE = Automatic;
				INFOPLIST_FILE = HamraheManTestUITests/Info.plist;
				LD_RUNPATH_SEARCH_PATHS = (
					"$(inherited)",
					"@executable_path/Frameworks",
					"@loader_path/Frameworks",
				);
				PRODUCT_BUNDLE_IDENTIFIER = Test.app.com.HamraheManTestUITests;
				PRODUCT_NAME = "$(TARGET_NAME)";
				SWIFT_VERSION = 5.0;
				TARGETED_DEVICE_FAMILY = "1,2";
				TEST_TARGET_NAME = HamraheManTest;
			};
			name = Debug;
		};
		9358F25B245A15D100BF21C9 /* Release */ = {
			isa = XCBuildConfiguration;
			baseConfigurationReference = A2682A22244578877A38F144 /* Pods-HamraheManTest-HamraheManTestUITests.release.xcconfig */;
			buildSettings = {
				ALWAYS_EMBED_SWIFT_STANDARD_LIBRARIES = YES;
				CODE_SIGN_STYLE = Automatic;
				INFOPLIST_FILE = HamraheManTestUITests/Info.plist;
				LD_RUNPATH_SEARCH_PATHS = (
					"$(inherited)",
					"@executable_path/Frameworks",
					"@loader_path/Frameworks",
				);
				PRODUCT_BUNDLE_IDENTIFIER = Test.app.com.HamraheManTestUITests;
				PRODUCT_NAME = "$(TARGET_NAME)";
				SWIFT_VERSION = 5.0;
				TARGETED_DEVICE_FAMILY = "1,2";
				TEST_TARGET_NAME = HamraheManTest;
			};
			name = Release;
		};
/* End XCBuildConfiguration section */

/* Begin XCConfigurationList section */
		9358F224245A15CC00BF21C9 /* Build configuration list for PBXProject "HamraheManTest" */ = {
			isa = XCConfigurationList;
			buildConfigurations = (
				9358F251245A15D100BF21C9 /* Debug */,
				9358F252245A15D100BF21C9 /* Release */,
			);
			defaultConfigurationIsVisible = 0;
			defaultConfigurationName = Release;
		};
		9358F253245A15D100BF21C9 /* Build configuration list for PBXNativeTarget "HamraheManTest" */ = {
			isa = XCConfigurationList;
			buildConfigurations = (
				9358F254245A15D100BF21C9 /* Debug */,
				9358F255245A15D100BF21C9 /* Release */,
			);
			defaultConfigurationIsVisible = 0;
			defaultConfigurationName = Release;
		};
		9358F256245A15D100BF21C9 /* Build configuration list for PBXNativeTarget "HamraheManTestTests" */ = {
			isa = XCConfigurationList;
			buildConfigurations = (
				9358F257245A15D100BF21C9 /* Debug */,
				9358F258245A15D100BF21C9 /* Release */,
			);
			defaultConfigurationIsVisible = 0;
			defaultConfigurationName = Release;
		};
		9358F259245A15D100BF21C9 /* Build configuration list for PBXNativeTarget "HamraheManTestUITests" */ = {
			isa = XCConfigurationList;
			buildConfigurations = (
				9358F25A245A15D100BF21C9 /* Debug */,
				9358F25B245A15D100BF21C9 /* Release */,
			);
			defaultConfigurationIsVisible = 0;
			defaultConfigurationName = Release;
		};
/* End XCConfigurationList section */
	};
	rootObject = 9358F221245A15CC00BF21C9 /* Project object */;
}
